// !$*UTF8*$!
{
	archiveVersion = 1;
	classes = {
	};
	objectVersion = 46;
	objects = {

/* Begin PBXBuildFile section */
		0550F3011BB524D000A1D31A /* CAPlayButton.swift in Sources */ = {isa = PBXBuildFile; fileRef = 0550F3001BB524D000A1D31A /* CAPlayButton.swift */; settings = {ASSET_TAGS = (); }; };
		05607FBB1BB3C6C600D18764 /* AppDelegate.swift in Sources */ = {isa = PBXBuildFile; fileRef = 05607FBA1BB3C6C600D18764 /* AppDelegate.swift */; };
		05607FBD1BB3C6C600D18764 /* ViewController.swift in Sources */ = {isa = PBXBuildFile; fileRef = 05607FBC1BB3C6C600D18764 /* ViewController.swift */; };
		05607FC01BB3C6C600D18764 /* Main.storyboard in Resources */ = {isa = PBXBuildFile; fileRef = 05607FBE1BB3C6C600D18764 /* Main.storyboard */; };
		05607FC21BB3C6C600D18764 /* Assets.xcassets in Resources */ = {isa = PBXBuildFile; fileRef = 05607FC11BB3C6C600D18764 /* Assets.xcassets */; };
		05607FC51BB3C6C600D18764 /* LaunchScreen.storyboard in Resources */ = {isa = PBXBuildFile; fileRef = 05607FC31BB3C6C600D18764 /* LaunchScreen.storyboard */; };
		05607FD11BB3CC3200D18764 /* PlayButton.swift in Sources */ = {isa = PBXBuildFile; fileRef = 05607FD01BB3CC3200D18764 /* PlayButton.swift */; settings = {ASSET_TAGS = (); }; };
		7759A82A37B85B19D8846CCE /* libPods-DGDrawRectAnimationTutorial.a in Frameworks */ = {isa = PBXBuildFile; fileRef = A0A710F5E8F8A55BF00D0EAF /* libPods-DGDrawRectAnimationTutorial.a */; };
/* End PBXBuildFile section */

/* Begin PBXFileReference section */
		0550F3001BB524D000A1D31A /* CAPlayButton.swift */ = {isa = PBXFileReference; fileEncoding = 4; lastKnownFileType = sourcecode.swift; path = CAPlayButton.swift; sourceTree = "<group>"; };
		05607FB71BB3C6C600D18764 /* DGDrawRectAnimationTutorial.app */ = {isa = PBXFileReference; explicitFileType = wrapper.application; includeInIndex = 0; path = DGDrawRectAnimationTutorial.app; sourceTree = BUILT_PRODUCTS_DIR; };
		05607FBA1BB3C6C600D18764 /* AppDelegate.swift */ = {isa = PBXFileReference; lastKnownFileType = sourcecode.swift; path = AppDelegate.swift; sourceTree = "<group>"; };
		05607FBC1BB3C6C600D18764 /* ViewController.swift */ = {isa = PBXFileReference; lastKnownFileType = sourcecode.swift; path = ViewController.swift; sourceTree = "<group>"; };
		05607FBF1BB3C6C600D18764 /* Base */ = {isa = PBXFileReference; lastKnownFileType = file.storyboard; name = Base; path = Base.lproj/Main.storyboard; sourceTree = "<group>"; };
		05607FC11BB3C6C600D18764 /* Assets.xcassets */ = {isa = PBXFileReference; lastKnownFileType = folder.assetcatalog; path = Assets.xcassets; sourceTree = "<group>"; };
		05607FC41BB3C6C600D18764 /* Base */ = {isa = PBXFileReference; lastKnownFileType = file.storyboard; name = Base; path = Base.lproj/LaunchScreen.storyboard; sourceTree = "<group>"; };
		05607FC61BB3C6C600D18764 /* Info.plist */ = {isa = PBXFileReference; lastKnownFileType = text.plist.xml; path = Info.plist; sourceTree = "<group>"; };
		05607FD01BB3CC3200D18764 /* PlayButton.swift */ = {isa = PBXFileReference; fileEncoding = 4; lastKnownFileType = sourcecode.swift; path = PlayButton.swift; sourceTree = "<group>"; };
		05607FD21BB3D53600D18764 /* BridgingHeader.h */ = {isa = PBXFileReference; lastKnownFileType = sourcecode.c.h; path = BridgingHeader.h; sourceTree = "<group>"; };
		A0A710F5E8F8A55BF00D0EAF /* libPods-DGDrawRectAnimationTutorial.a */ = {isa = PBXFileReference; explicitFileType = archive.ar; includeInIndex = 0; path = "libPods-DGDrawRectAnimationTutorial.a"; sourceTree = BUILT_PRODUCTS_DIR; };
		A12439652B46BA3CCF23BBF5 /* Pods-DGDrawRectAnimationTutorial.debug.xcconfig */ = {isa = PBXFileReference; includeInIndex = 1; lastKnownFileType = text.xcconfig; name = "Pods-DGDrawRectAnimationTutorial.debug.xcconfig"; path = "Pods/Target Support Files/Pods-DGDrawRectAnimationTutorial/Pods-DGDrawRectAnimationTutorial.debug.xcconfig"; sourceTree = "<group>"; };
		F829F4EA45DC1DC759A0DB03 /* Pods-DGDrawRectAnimationTutorial.release.xcconfig */ = {isa = PBXFileReference; includeInIndex = 1; lastKnownFileType = text.xcconfig; name = "Pods-DGDrawRectAnimationTutorial.release.xcconfig"; path = "Pods/Target Support Files/Pods-DGDrawRectAnimationTutorial/Pods-DGDrawRectAnimationTutorial.release.xcconfig"; sourceTree = "<group>"; };
/* End PBXFileReference section */

/* Begin PBXFrameworksBuildPhase section */
		05607FB41BB3C6C600D18764 /* Frameworks */ = {
			isa = PBXFrameworksBuildPhase;
			buildActionMask = 2147483647;
			files = (
				7759A82A37B85B19D8846CCE /* libPods-DGDrawRectAnimationTutorial.a in Frameworks */,
			);
			runOnlyForDeploymentPostprocessing = 0;
		};
/* End PBXFrameworksBuildPhase section */

/* Begin PBXGroup section */
		05607FAE1BB3C6C600D18764 = {
			isa = PBXGroup;
			children = (
				05607FB91BB3C6C600D18764 /* DGDrawRectAnimationTutorial */,
				05607FB81BB3C6C600D18764 /* Products */,
				D7850215CF8513795D8B6122 /* Pods */,
				DE69B47DA130AD2D3BD4F81B /* Frameworks */,
			);
			sourceTree = "<group>";
		};
		05607FB81BB3C6C600D18764 /* Products */ = {
			isa = PBXGroup;
			children = (
				05607FB71BB3C6C600D18764 /* DGDrawRectAnimationTutorial.app */,
			);
			name = Products;
			sourceTree = "<group>";
		};
		05607FB91BB3C6C600D18764 /* DGDrawRectAnimationTutorial */ = {
			isa = PBXGroup;
			children = (
				0550F3001BB524D000A1D31A /* CAPlayButton.swift */,
				05607FD01BB3CC3200D18764 /* PlayButton.swift */,
				05607FBA1BB3C6C600D18764 /* AppDelegate.swift */,
				05607FBC1BB3C6C600D18764 /* ViewController.swift */,
				05607FBE1BB3C6C600D18764 /* Main.storyboard */,
				05607FC11BB3C6C600D18764 /* Assets.xcassets */,
				05607FC31BB3C6C600D18764 /* LaunchScreen.storyboard */,
				05607FC61BB3C6C600D18764 /* Info.plist */,
				05607FD21BB3D53600D18764 /* BridgingHeader.h */,
			);
			path = DGDrawRectAnimationTutorial;
			sourceTree = "<group>";
		};
		D7850215CF8513795D8B6122 /* Pods */ = {
			isa = PBXGroup;
			children = (
				A12439652B46BA3CCF23BBF5 /* Pods-DGDrawRectAnimationTutorial.debug.xcconfig */,
				F829F4EA45DC1DC759A0DB03 /* Pods-DGDrawRectAnimationTutorial.release.xcconfig */,
			);
			name = Pods;
			sourceTree = "<group>";
		};
		DE69B47DA130AD2D3BD4F81B /* Frameworks */ = {
			isa = PBXGroup;
			children = (
				A0A710F5E8F8A55BF00D0EAF /* libPods-DGDrawRectAnimationTutorial.a */,
			);
			name = Frameworks;
			sourceTree = "<group>";
		};
/* End PBXGroup section */

/* Begin PBXNativeTarget section */
		05607FB61BB3C6C600D18764 /* DGDrawRectAnimationTutorial */ = {
			isa = PBXNativeTarget;
			buildConfigurationList = 05607FC91BB3C6C600D18764 /* Build configuration list for PBXNativeTarget "DGDrawRectAnimationTutorial" */;
			buildPhases = (
				8E7D5F2784E913775B8D4235 /* Check Pods Manifest.lock */,
				05607FB31BB3C6C600D18764 /* Sources */,
				05607FB41BB3C6C600D18764 /* Frameworks */,
				05607FB51BB3C6C600D18764 /* Resources */,
				9F4DE103DAC4BD482506D52A /* Copy Pods Resources */,
			);
			buildRules = (
			);
			dependencies = (
			);
			name = DGDrawRectAnimationTutorial;
			productName = DGDrawRectAnimationTutorial;
			productReference = 05607FB71BB3C6C600D18764 /* DGDrawRectAnimationTutorial.app */;
			productType = "com.apple.product-type.application";
		};
/* End PBXNativeTarget section */

/* Begin PBXProject section */
		05607FAF1BB3C6C600D18764 /* Project object */ = {
			isa = PBXProject;
			attributes = {
				LastUpgradeCheck = 0700;
				ORGANIZATIONNAME = "Danil Gontovnik";
				TargetAttributes = {
					05607FB61BB3C6C600D18764 = {
						CreatedOnToolsVersion = 7.0;
					};
				};
			};
			buildConfigurationList = 05607FB21BB3C6C600D18764 /* Build configuration list for PBXProject "DGDrawRectAnimationTutorial" */;
			compatibilityVersion = "Xcode 3.2";
			developmentRegion = English;
			hasScannedForEncodings = 0;
			knownRegions = (
				en,
				Base,
			);
			mainGroup = 05607FAE1BB3C6C600D18764;
			productRefGroup = 05607FB81BB3C6C600D18764 /* Products */;
			projectDirPath = "";
			projectRoot = "";
			targets = (
				05607FB61BB3C6C600D18764 /* DGDrawRectAnimationTutorial */,
			);
		};
/* End PBXProject section */

/* Begin PBXResourcesBuildPhase section */
		05607FB51BB3C6C600D18764 /* Resources */ = {
			isa = PBXResourcesBuildPhase;
			buildActionMask = 2147483647;
			files = (
				05607FC51BB3C6C600D18764 /* LaunchScreen.storyboard in Resources */,
				05607FC21BB3C6C600D18764 /* Assets.xcassets in Resources */,
				05607FC01BB3C6C600D18764 /* Main.storyboard in Resources */,
			);
			runOnlyForDeploymentPostprocessing = 0;
		};
/* End PBXResourcesBuildPhase section */

/* Begin PBXShellScriptBuildPhase section */
		8E7D5F2784E913775B8D4235 /* Check Pods Manifest.lock */ = {
			isa = PBXShellScriptBuildPhase;
			buildActionMask = 2147483647;
			files = (
			);
			inputPaths = (
			);
			name = "Check Pods Manifest.lock";
			outputPaths = (
			);
			runOnlyForDeploymentPostprocessing = 0;
			shellPath = /bin/sh;
			shellScript = "diff \"${PODS_ROOT}/../Podfile.lock\" \"${PODS_ROOT}/Manifest.lock\" > /dev/null\nif [[ $? != 0 ]] ; then\n    cat << EOM\nerror: The sandbox is not in sync with the Podfile.lock. Run 'pod install' or update your CocoaPods installation.\nEOM\n    exit 1\nfi\n";
			showEnvVarsInLog = 0;
		};
		9F4DE103DAC4BD482506D52A /* Copy Pods Resources */ = {
			isa = PBXShellScriptBuildPhase;
			buildActionMask = 2147483647;
			files = (
			);
			inputPaths = (
			);
			name = "Copy Pods Resources";
			outputPaths = (
			);
			runOnlyForDeploymentPostprocessing = 0;
			shellPath = /bin/sh;
			shellScript = "\"${SRCROOT}/Pods/Target Support Files/Pods-DGDrawRectAnimationTutorial/Pods-DGDrawRectAnimationTutorial-resources.sh\"\n";
			showEnvVarsInLog = 0;
		};
/* End PBXShellScriptBuildPhase section */

/* Begin PBXSourcesBuildPhase section */
		05607FB31BB3C6C600D18764 /* Sources */ = {
			isa = PBXSourcesBuildPhase;
			buildActionMask = 2147483647;
			files = (
				05607FD11BB3CC3200D18764 /* PlayButton.swift in Sources */,
				05607FBD1BB3C6C600D18764 /* ViewController.swift in Sources */,
				05607FBB1BB3C6C600D18764 /* AppDelegate.swift in Sources */,
				0550F3011BB524D000A1D31A /* CAPlayButton.swift in Sources */,
			);
			runOnlyForDeploymentPostprocessing = 0;
		};
/* End PBXSourcesBuildPhase section */

/* Begin PBXVariantGroup section */
		05607FBE1BB3C6C600D18764 /* Main.storyboard */ = {
			isa = PBXVariantGroup;
			children = (
				05607FBF1BB3C6C600D18764 /* Base */,
			);
			name = Main.storyboard;
			sourceTree = "<group>";
		};
		05607FC31BB3C6C600D18764 /* LaunchScreen.storyboard */ = {
			isa = PBXVariantGroup;
			children = (
				05607FC41BB3C6C600D18764 /* Base */,
			);
			name = LaunchScreen.storyboard;
			sourceTree = "<group>";
		};
/* End PBXVariantGroup section */

/* Begin XCBuildConfiguration section */
		05607FC71BB3C6C600D18764 /* Debug */ = {
			isa = XCBuildConfiguration;
			buildSettings = {
				ALWAYS_SEARCH_USER_PATHS = NO;
				CLANG_CXX_LANGUAGE_STANDARD = "gnu++0x";
				CLANG_CXX_LIBRARY = "libc++";
				CLANG_ENABLE_MODULES = YES;
				CLANG_ENABLE_OBJC_ARC = YES;
				CLANG_WARN_BOOL_CONVERSION = YES;
				CLANG_WARN_CONSTANT_CONVERSION = YES;
				CLANG_WARN_DIRECT_OBJC_ISA_USAGE = YES_ERROR;
				CLANG_WARN_EMPTY_BODY = YES;
				CLANG_WARN_ENUM_CONVERSION = YES;
				CLANG_WARN_INT_CONVERSION = YES;
				CLANG_WARN_OBJC_ROOT_CLASS = YES_ERROR;
				CLANG_WARN_UNREACHABLE_CODE = YES;
				CLANG_WARN__DUPLICATE_METHOD_MATCH = YES;
				"CODE_SIGN_IDENTITY[sdk=iphoneos*]" = "iPhone Developer";
				COPY_PHASE_STRIP = NO;
				DEBUG_INFORMATION_FORMAT = dwarf;
				ENABLE_STRICT_OBJC_MSGSEND = YES;
				ENABLE_TESTABILITY = YES;
				GCC_C_LANGUAGE_STANDARD = gnu99;
				GCC_DYNAMIC_NO_PIC = NO;
				GCC_NO_COMMON_BLOCKS = YES;
				GCC_OPTIMIZATION_LEVEL = 0;
				GCC_PREPROCESSOR_DEFINITIONS = (
					"DEBUG=1",
					"$(inherited)",
				);
				GCC_WARN_64_TO_32_BIT_CONVERSION = YES;
				GCC_WARN_ABOUT_RETURN_TYPE = YES_ERROR;
				GCC_WARN_UNDECLARED_SELECTOR = YES;
				GCC_WARN_UNINITIALIZED_AUTOS = YES_AGGRESSIVE;
				GCC_WARN_UNUSED_FUNCTION = YES;
				GCC_WARN_UNUSED_VARIABLE = YES;
				IPHONEOS_DEPLOYMENT_TARGET = 9.0;
				MTL_ENABLE_DEBUG_INFO = YES;
				ONLY_ACTIVE_ARCH = YES;
				SDKROOT = iphoneos;
				SWIFT_OBJC_BRIDGING_HEADER = "";
				SWIFT_OPTIMIZATION_LEVEL = "-Onone";
				TARGETED_DEVICE_FAMILY = "1,2";
			};
			name = Debug;
		};
		05607FC81BB3C6C600D18764 /* Release */ = {
			isa = XCBuildConfiguration;
			buildSettings = {
				ALWAYS_SEARCH_USER_PATHS = NO;
				CLANG_CXX_LANGUAGE_STANDARD = "gnu++0x";
				CLANG_CXX_LIBRARY = "libc++";
				CLANG_ENABLE_MODULES = YES;
				CLANG_ENABLE_OBJC_ARC = YES;
				CLANG_WARN_BOOL_CONVERSION = YES;
				CLANG_WARN_CONSTANT_CONVERSION = YES;
				CLANG_WARN_DIRECT_OBJC_ISA_USAGE = YES_ERROR;
				CLANG_WARN_EMPTY_BODY = YES;
				CLANG_WARN_ENUM_CONVERSION = YES;
				CLANG_WARN_INT_CONVERSION = YES;
				CLANG_WARN_OBJC_ROOT_CLASS = YES_ERROR;
				CLANG_WARN_UNREACHABLE_CODE = YES;
				CLANG_WARN__DUPLICATE_METHOD_MATCH = YES;
				"CODE_SIGN_IDENTITY[sdk=iphoneos*]" = "iPhone Developer";
				COPY_PHASE_STRIP = NO;
				DEBUG_INFORMATION_FORMAT = "dwarf-with-dsym";
				ENABLE_NS_ASSERTIONS = NO;
				ENABLE_STRICT_OBJC_MSGSEND = YES;
				GCC_C_LANGUAGE_STANDARD = gnu99;
				GCC_NO_COMMON_BLOCKS = YES;
				GCC_WARN_64_TO_32_BIT_CONVERSION = YES;
				GCC_WARN_ABOUT_RETURN_TYPE = YES_ERROR;
				GCC_WARN_UNDECLARED_SELECTOR = YES;
				GCC_WARN_UNINITIALIZED_AUTOS = YES_AGGRESSIVE;
				GCC_WARN_UNUSED_FUNCTION = YES;
				GCC_WARN_UNUSED_VARIABLE = YES;
				IPHONEOS_DEPLOYMENT_TARGET = 9.0;
				MTL_ENABLE_DEBUG_INFO = NO;
				SDKROOT = iphoneos;
				SWIFT_OBJC_BRIDGING_HEADER = "";
				TARGETED_DEVICE_FAMILY = "1,2";
				VALIDATE_PRODUCT = YES;
			};
			name = Release;
		};
		05607FCA1BB3C6C600D18764 /* Debug */ = {
			isa = XCBuildConfiguration;
			baseConfigurationReference = A12439652B46BA3CCF23BBF5 /* Pods-DGDrawRectAnimationTutorial.debug.xcconfig */;
			buildSettings = {
				ASSETCATALOG_COMPILER_APPICON_NAME = AppIcon;
				INFOPLIST_FILE = DGDrawRectAnimationTutorial/Info.plist;
				IPHONEOS_DEPLOYMENT_TARGET = 8.0;
				LD_RUNPATH_SEARCH_PATHS = "$(inherited) @executable_path/Frameworks";
				PRODUCT_BUNDLE_IDENTIFIER = com.gatafan.DGDrawRectAnimationTutorial;
				PRODUCT_NAME = "$(TARGET_NAME)";
				SWIFT_OBJC_BRIDGING_HEADER = DGDrawRectAnimationTutorial/BridgingHeader.h;
			};
			name = Debug;
		};
		05607FCB1BB3C6C600D18764 /* Release */ = {
			isa = XCBuildConfiguration;
			baseConfigurationReference = F829F4EA45DC1DC759A0DB03 /* Pods-DGDrawRectAnimationTutorial.release.xcconfig */;
			buildSettings = {
				ASSETCATALOG_COMPILER_APPICON_NAME = AppIcon;
				INFOPLIST_FILE = DGDrawRectAnimationTutorial/Info.plist;
				IPHONEOS_DEPLOYMENT_TARGET = 8.0;
				LD_RUNPATH_SEARCH_PATHS = "$(inherited) @executable_path/Frameworks";
				PRODUCT_BUNDLE_IDENTIFIER = com.gatafan.DGDrawRectAnimationTutorial;
				PRODUCT_NAME = "$(TARGET_NAME)";
				SWIFT_OBJC_BRIDGING_HEADER = DGDrawRectAnimationTutorial/BridgingHeader.h;
			};
			name = Release;
		};
/* End XCBuildConfiguration section */

/* Begin XCConfigurationList section */
		05607FB21BB3C6C600D18764 /* Build configuration list for PBXProject "DGDrawRectAnimationTutorial" */ = {
			isa = XCConfigurationList;
			buildConfigurations = (
				05607FC71BB3C6C600D18764 /* Debug */,
				05607FC81BB3C6C600D18764 /* Release */,
			);
			defaultConfigurationIsVisible = 0;
			defaultConfigurationName = Release;
		};
		05607FC91BB3C6C600D18764 /* Build configuration list for PBXNativeTarget "DGDrawRectAnimationTutorial" */ = {
			isa = XCConfigurationList;
			buildConfigurations = (
				05607FCA1BB3C6C600D18764 /* Debug */,
				05607FCB1BB3C6C600D18764 /* Release */,
			);
			defaultConfigurationIsVisible = 0;
			defaultConfigurationName = Release;
		};
/* End XCConfigurationList section */
	};
	rootObject = 05607FAF1BB3C6C600D18764 /* Project object */;
}
